// !$*UTF8*$!
{
	archiveVersion = 1;
	classes = {
	};
	objectVersion = 48;
	objects = {

/* Begin PBXBuildFile section */
		7A8C10CD1F7321ED00932184 /* AppDelegate.swift in Sources */ = {isa = PBXBuildFile; fileRef = 7A8C10CC1F7321ED00932184 /* AppDelegate.swift */; };
		7A8C10CF1F7321ED00932184 /* ViewController.swift in Sources */ = {isa = PBXBuildFile; fileRef = 7A8C10CE1F7321ED00932184 /* ViewController.swift */; };
		7A8C10D21F7321ED00932184 /* Main.storyboard in Resources */ = {isa = PBXBuildFile; fileRef = 7A8C10D01F7321ED00932184 /* Main.storyboard */; };
		7A8C10D41F7321ED00932184 /* Assets.xcassets in Resources */ = {isa = PBXBuildFile; fileRef = 7A8C10D31F7321ED00932184 /* Assets.xcassets */; };
		7A8C10D71F7321ED00932184 /* LaunchScreen.storyboard in Resources */ = {isa = PBXBuildFile; fileRef = 7A8C10D51F7321ED00932184 /* LaunchScreen.storyboard */; };
		7A8C10E21F7321ED00932184 /* Stanford_CalculatorTests.swift in Sources */ = {isa = PBXBuildFile; fileRef = 7A8C10E11F7321ED00932184 /* Stanford_CalculatorTests.swift */; };
		7A8C10ED1F7321ED00932184 /* Stanford_CalculatorUITests.swift in Sources */ = {isa = PBXBuildFile; fileRef = 7A8C10EC1F7321ED00932184 /* Stanford_CalculatorUITests.swift */; };
/* End PBXBuildFile section */

/* Begin PBXContainerItemProxy section */
		7A8C10DE1F7321ED00932184 /* PBXContainerItemProxy */ = {
			isa = PBXContainerItemProxy;
			containerPortal = 7A8C10C11F7321ED00932184 /* Project object */;
			proxyType = 1;
			remoteGlobalIDString = 7A8C10C81F7321ED00932184;
			remoteInfo = "Stanford Calculator";
		};
		7A8C10E91F7321ED00932184 /* PBXContainerItemProxy */ = {
			isa = PBXContainerItemProxy;
			containerPortal = 7A8C10C11F7321ED00932184 /* Project object */;
			proxyType = 1;
			remoteGlobalIDString = 7A8C10C81F7321ED00932184;
			remoteInfo = "Stanford Calculator";
		};
/* End PBXContainerItemProxy section */

/* Begin PBXFileReference section */
		7A8C10C91F7321ED00932184 /* Stanford Calculator.app */ = {isa = PBXFileReference; explicitFileType = wrapper.application; includeInIndex = 0; path = "Stanford Calculator.app"; sourceTree = BUILT_PRODUCTS_DIR; };
		7A8C10CC1F7321ED00932184 /* AppDelegate.swift */ = {isa = PBXFileReference; lastKnownFileType = sourcecode.swift; path = AppDelegate.swift; sourceTree = "<group>"; };
		7A8C10CE1F7321ED00932184 /* ViewController.swift */ = {isa = PBXFileReference; lastKnownFileType = sourcecode.swift; path = ViewController.swift; sourceTree = "<group>"; };
		7A8C10D11F7321ED00932184 /* Base */ = {isa = PBXFileReference; lastKnownFileType = file.storyboard; name = Base; path = Base.lproj/Main.storyboard; sourceTree = "<group>"; };
		7A8C10D31F7321ED00932184 /* Assets.xcassets */ = {isa = PBXFileReference; lastKnownFileType = folder.assetcatalog; path = Assets.xcassets; sourceTree = "<group>"; };
		7A8C10D61F7321ED00932184 /* Base */ = {isa = PBXFileReference; lastKnownFileType = file.storyboard; name = Base; path = Base.lproj/LaunchScreen.storyboard; sourceTree = "<group>"; };
		7A8C10D81F7321ED00932184 /* Info.plist */ = {isa = PBXFileReference; lastKnownFileType = text.plist.xml; path = Info.plist; sourceTree = "<group>"; };
		7A8C10DD1F7321ED00932184 /* Stanford CalculatorTests.xctest */ = {isa = PBXFileReference; explicitFileType = wrapper.cfbundle; includeInIndex = 0; path = "Stanford CalculatorTests.xctest"; sourceTree = BUILT_PRODUCTS_DIR; };
		7A8C10E11F7321ED00932184 /* Stanford_CalculatorTests.swift */ = {isa = PBXFileReference; lastKnownFileType = sourcecode.swift; path = Stanford_CalculatorTests.swift; sourceTree = "<group>"; };
		7A8C10E31F7321ED00932184 /* Info.plist */ = {isa = PBXFileReference; lastKnownFileType = text.plist.xml; path = Info.plist; sourceTree = "<group>"; };
		7A8C10E81F7321ED00932184 /* Stanford CalculatorUITests.xctest */ = {isa = PBXFileReference; explicitFileType = wrapper.cfbundle; includeInIndex = 0; path = "Stanford CalculatorUITests.xctest"; sourceTree = BUILT_PRODUCTS_DIR; };
		7A8C10EC1F7321ED00932184 /* Stanford_CalculatorUITests.swift */ = {isa = PBXFileReference; lastKnownFileType = sourcecode.swift; path = Stanford_CalculatorUITests.swift; sourceTree = "<group>"; };
		7A8C10EE1F7321ED00932184 /* Info.plist */ = {isa = PBXFileReference; lastKnownFileType = text.plist.xml; path = Info.plist; sourceTree = "<group>"; };
/* End PBXFileReference section */

/* Begin PBXFrameworksBuildPhase section */
		7A8C10C61F7321ED00932184 /* Frameworks */ = {
			isa = PBXFrameworksBuildPhase;
			buildActionMask = 2147483647;
			files = (
			);
			runOnlyForDeploymentPostprocessing = 0;
		};
		7A8C10DA1F7321ED00932184 /* Frameworks */ = {
			isa = PBXFrameworksBuildPhase;
			buildActionMask = 2147483647;
			files = (
			);
			runOnlyForDeploymentPostprocessing = 0;
		};
		7A8C10E51F7321ED00932184 /* Frameworks */ = {
			isa = PBXFrameworksBuildPhase;
			buildActionMask = 2147483647;
			files = (
			);
			runOnlyForDeploymentPostprocessing = 0;
		};
/* End PBXFrameworksBuildPhase section */

/* Begin PBXGroup section */
		7A7092E51F73330E00054A52 /* Supporting Files */ = {
			isa = PBXGroup;
			children = (
				7A8C10CC1F7321ED00932184 /* AppDelegate.swift */,
				7A8C10D31F7321ED00932184 /* Assets.xcassets */,
				7A8C10D51F7321ED00932184 /* LaunchScreen.storyboard */,
				7A8C10D81F7321ED00932184 /* Info.plist */,
			);
			name = "Supporting Files";
			path = "New Group";
			sourceTree = "<group>";
		};
		7A8C10C01F7321ED00932184 = {
			isa = PBXGroup;
			children = (
				7A8C10CB1F7321ED00932184 /* Stanford Calculator */,
				7A8C10E01F7321ED00932184 /* Stanford CalculatorTests */,
				7A8C10EB1F7321ED00932184 /* Stanford CalculatorUITests */,
				7A8C10CA1F7321ED00932184 /* Products */,
			);
			sourceTree = "<group>";
		};
		7A8C10CA1F7321ED00932184 /* Products */ = {
			isa = PBXGroup;
			children = (
				7A8C10C91F7321ED00932184 /* Stanford Calculator.app */,
				7A8C10DD1F7321ED00932184 /* Stanford CalculatorTests.xctest */,
				7A8C10E81F7321ED00932184 /* Stanford CalculatorUITests.xctest */,
			);
			name = Products;
			sourceTree = "<group>";
		};
		7A8C10CB1F7321ED00932184 /* Stanford Calculator */ = {
			isa = PBXGroup;
			children = (
				7A7092E51F73330E00054A52 /* Supporting Files */,
				7A8C10CE1F7321ED00932184 /* ViewController.swift */,
				7A8C10D01F7321ED00932184 /* Main.storyboard */,
			);
			path = "Stanford Calculator";
			sourceTree = "<group>";
		};
		7A8C10E01F7321ED00932184 /* Stanford CalculatorTests */ = {
			isa = PBXGroup;
			children = (
				7A8C10E11F7321ED00932184 /* Stanford_CalculatorTests.swift */,
				7A8C10E31F7321ED00932184 /* Info.plist */,
			);
			path = "Stanford CalculatorTests";
			sourceTree = "<group>";
		};
		7A8C10EB1F7321ED00932184 /* Stanford CalculatorUITests */ = {
			isa = PBXGroup;
			children = (
				7A8C10EC1F7321ED00932184 /* Stanford_CalculatorUITests.swift */,
				7A8C10EE1F7321ED00932184 /* Info.plist */,
			);
			path = "Stanford CalculatorUITests";
			sourceTree = "<group>";
		};
/* End PBXGroup section */

/* Begin PBXNativeTarget section */
		7A8C10C81F7321ED00932184 /* Stanford Calculator */ = {
			isa = PBXNativeTarget;
			buildConfigurationList = 7A8C10F11F7321ED00932184 /* Build configuration list for PBXNativeTarget "Stanford Calculator" */;
			buildPhases = (
				7A8C10C51F7321ED00932184 /* Sources */,
				7A8C10C61F7321ED00932184 /* Frameworks */,
				7A8C10C71F7321ED00932184 /* Resources */,
			);
			buildRules = (
			);
			dependencies = (
			);
			name = "Stanford Calculator";
			productName = "Stanford Calculator";
			productReference = 7A8C10C91F7321ED00932184 /* Stanford Calculator.app */;
			productType = "com.apple.product-type.application";
		};
		7A8C10DC1F7321ED00932184 /* Stanford CalculatorTests */ = {
			isa = PBXNativeTarget;
			buildConfigurationList = 7A8C10F41F7321ED00932184 /* Build configuration list for PBXNativeTarget "Stanford CalculatorTests" */;
			buildPhases = (
				7A8C10D91F7321ED00932184 /* Sources */,
				7A8C10DA1F7321ED00932184 /* Frameworks */,
				7A8C10DB1F7321ED00932184 /* Resources */,
			);
			buildRules = (
			);
			dependencies = (
				7A8C10DF1F7321ED00932184 /* PBXTargetDependency */,
			);
			name = "Stanford CalculatorTests";
			productName = "Stanford CalculatorTests";
			productReference = 7A8C10DD1F7321ED00932184 /* Stanford CalculatorTests.xctest */;
			productType = "com.apple.product-type.bundle.unit-test";
		};
		7A8C10E71F7321ED00932184 /* Stanford CalculatorUITests */ = {
			isa = PBXNativeTarget;
			buildConfigurationList = 7A8C10F71F7321ED00932184 /* Build configuration list for PBXNativeTarget "Stanford CalculatorUITests" */;
			buildPhases = (
				7A8C10E41F7321ED00932184 /* Sources */,
				7A8C10E51F7321ED00932184 /* Frameworks */,
				7A8C10E61F7321ED00932184 /* Resources */,
			);
			buildRules = (
			);
			dependencies = (
				7A8C10EA1F7321ED00932184 /* PBXTargetDependency */,
			);
			name = "Stanford CalculatorUITests";
			productName = "Stanford CalculatorUITests";
			productReference = 7A8C10E81F7321ED00932184 /* Stanford CalculatorUITests.xctest */;
			productType = "com.apple.product-type.bundle.ui-testing";
		};
/* End PBXNativeTarget section */

/* Begin PBXProject section */
		7A8C10C11F7321ED00932184 /* Project object */ = {
			isa = PBXProject;
			attributes = {
				LastSwiftUpdateCheck = 0900;
				LastUpgradeCheck = 0900;
				ORGANIZATIONNAME = "Stanley Hershell Robert Griggs II";
				TargetAttributes = {
					7A8C10C81F7321ED00932184 = {
						CreatedOnToolsVersion = 9.0;
						ProvisioningStyle = Manual;
					};
					7A8C10DC1F7321ED00932184 = {
						CreatedOnToolsVersion = 9.0;
						ProvisioningStyle = Automatic;
						TestTargetID = 7A8C10C81F7321ED00932184;
					};
					7A8C10E71F7321ED00932184 = {
						CreatedOnToolsVersion = 9.0;
						ProvisioningStyle = Automatic;
						TestTargetID = 7A8C10C81F7321ED00932184;
					};
				};
			};
			buildConfigurationList = 7A8C10C41F7321ED00932184 /* Build configuration list for PBXProject "Stanford Calculator" */;
			compatibilityVersion = "Xcode 8.0";
			developmentRegion = en;
			hasScannedForEncodings = 0;
			knownRegions = (
				en,
				Base,
			);
			mainGroup = 7A8C10C01F7321ED00932184;
			productRefGroup = 7A8C10CA1F7321ED00932184 /* Products */;
			projectDirPath = "";
			projectRoot = "";
			targets = (
				7A8C10C81F7321ED00932184 /* Stanford Calculator */,
				7A8C10DC1F7321ED00932184 /* Stanford CalculatorTests */,
				7A8C10E71F7321ED00932184 /* Stanford CalculatorUITests */,
			);
		};
/* End PBXProject section */

/* Begin PBXResourcesBuildPhase section */
		7A8C10C71F7321ED00932184 /* Resources */ = {
			isa = PBXResourcesBuildPhase;
			buildActionMask = 2147483647;
			files = (
				7A8C10D71F7321ED00932184 /* LaunchScreen.storyboard in Resources */,
				7A8C10D41F7321ED00932184 /* Assets.xcassets in Resources */,
				7A8C10D21F7321ED00932184 /* Main.storyboard in Resources */,
			);
			runOnlyForDeploymentPostprocessing = 0;
		};
		7A8C10DB1F7321ED00932184 /* Resources */ = {
			isa = PBXResourcesBuildPhase;
			buildActionMask = 2147483647;
			files = (
			);
			runOnlyForDeploymentPostprocessing = 0;
		};
		7A8C10E61F7321ED00932184 /* Resources */ = {
			isa = PBXResourcesBuildPhase;
			buildActionMask = 2147483647;
			files = (
			);
			runOnlyForDeploymentPostprocessing = 0;
		};
/* End PBXResourcesBuildPhase section */

/* Begin PBXSourcesBuildPhase section */
		7A8C10C51F7321ED00932184 /* Sources */ = {
			isa = PBXSourcesBuildPhase;
			buildActionMask = 2147483647;
			files = (
				7A8C10CF1F7321ED00932184 /* ViewController.swift in Sources */,
				7A8C10CD1F7321ED00932184 /* AppDelegate.swift in Sources */,
			);
			runOnlyForDeploymentPostprocessing = 0;
		};
		7A8C10D91F7321ED00932184 /* Sources */ = {
			isa = PBXSourcesBuildPhase;
			buildActionMask = 2147483647;
			files = (
				7A8C10E21F7321ED00932184 /* Stanford_CalculatorTests.swift in Sources */,
			);
			runOnlyForDeploymentPostprocessing = 0;
		};
		7A8C10E41F7321ED00932184 /* Sources */ = {
			isa = PBXSourcesBuildPhase;
			buildActionMask = 2147483647;
			files = (
				7A8C10ED1F7321ED00932184 /* Stanford_CalculatorUITests.swift in Sources */,
			);
			runOnlyForDeploymentPostprocessing = 0;
		};
/* End PBXSourcesBuildPhase section */

/* Begin PBXTargetDependency section */
		7A8C10DF1F7321ED00932184 /* PBXTargetDependency */ = {
			isa = PBXTargetDependency;
			target = 7A8C10C81F7321ED00932184 /* Stanford Calculator */;
			targetProxy = 7A8C10DE1F7321ED00932184 /* PBXContainerItemProxy */;
		};
		7A8C10EA1F7321ED00932184 /* PBXTargetDependency */ = {
			isa = PBXTargetDependency;
			target = 7A8C10C81F7321ED00932184 /* Stanford Calculator */;
			targetProxy = 7A8C10E91F7321ED00932184 /* PBXContainerItemProxy */;
		};
/* End PBXTargetDependency section */

/* Begin PBXVariantGroup section */
		7A8C10D01F7321ED00932184 /* Main.storyboard */ = {
			isa = PBXVariantGroup;
			children = (
				7A8C10D11F7321ED00932184 /* Base */,
			);
			name = Main.storyboard;
			sourceTree = "<group>";
		};
		7A8C10D51F7321ED00932184 /* LaunchScreen.storyboard */ = {
			isa = PBXVariantGroup;
			children = (
				7A8C10D61F7321ED00932184 /* Base */,
			);
			name = LaunchScreen.storyboard;
			sourceTree = "<group>";
		};
/* End PBXVariantGroup section */

/* Begin XCBuildConfiguration section */
		7A8C10EF1F7321ED00932184 /* Debug */ = {
			isa = XCBuildConfiguration;
			buildSettings = {
				ALWAYS_SEARCH_USER_PATHS = NO;
				CLANG_ANALYZER_NONNULL = YES;
				CLANG_ANALYZER_NUMBER_OBJECT_CONVERSION = YES_AGGRESSIVE;
				CLANG_CXX_LANGUAGE_STANDARD = "gnu++14";
				CLANG_CXX_LIBRARY = "libc++";
				CLANG_ENABLE_MODULES = YES;
				CLANG_ENABLE_OBJC_ARC = YES;
				CLANG_WARN_BLOCK_CAPTURE_AUTORELEASING = YES;
				CLANG_WARN_BOOL_CONVERSION = YES;
				CLANG_WARN_COMMA = YES;
				CLANG_WARN_CONSTANT_CONVERSION = YES;
				CLANG_WARN_DIRECT_OBJC_ISA_USAGE = YES_ERROR;
				CLANG_WARN_DOCUMENTATION_COMMENTS = YES;
				CLANG_WARN_EMPTY_BODY = YES;
				CLANG_WARN_ENUM_CONVERSION = YES;
				CLANG_WARN_INFINITE_RECURSION = YES;
				CLANG_WARN_INT_CONVERSION = YES;
				CLANG_WARN_NON_LITERAL_NULL_CONVERSION = YES;
				CLANG_WARN_OBJC_LITERAL_CONVERSION = YES;
				CLANG_WARN_OBJC_ROOT_CLASS = YES_ERROR;
				CLANG_WARN_RANGE_LOOP_ANALYSIS = YES;
				CLANG_WARN_STRICT_PROTOTYPES = YES;
				CLANG_WARN_SUSPICIOUS_MOVE = YES;
				CLANG_WARN_UNGUARDED_AVAILABILITY = YES_AGGRESSIVE;
				CLANG_WARN_UNREACHABLE_CODE = YES;
				CLANG_WARN__DUPLICATE_METHOD_MATCH = YES;
				CODE_SIGN_IDENTITY = "iPhone Developer";
				COPY_PHASE_STRIP = NO;
				DEBUG_INFORMATION_FORMAT = dwarf;
				ENABLE_STRICT_OBJC_MSGSEND = YES;
				ENABLE_TESTABILITY = YES;
				GCC_C_LANGUAGE_STANDARD = gnu11;
				GCC_DYNAMIC_NO_PIC = NO;
				GCC_NO_COMMON_BLOCKS = YES;
				GCC_OPTIMIZATION_LEVEL = 0;
				GCC_PREPROCESSOR_DEFINITIONS = (
					"DEBUG=1",
					"$(inherited)",
				);
				GCC_WARN_64_TO_32_BIT_CONVERSION = YES;
				GCC_WARN_ABOUT_RETURN_TYPE = YES_ERROR;
				GCC_WARN_UNDECLARED_SELECTOR = YES;
				GCC_WARN_UNINITIALIZED_AUTOS = YES_AGGRESSIVE;
				GCC_WARN_UNUSED_FUNCTION = YES;
				GCC_WARN_UNUSED_VARIABLE = YES;
				IPHONEOS_DEPLOYMENT_TARGET = 11.0;
				MTL_ENABLE_DEBUG_INFO = YES;
				ONLY_ACTIVE_ARCH = YES;
				SDKROOT = iphoneos;
				SWIFT_ACTIVE_COMPILATION_CONDITIONS = DEBUG;
				SWIFT_OPTIMIZATION_LEVEL = "-Onone";
			};
			name = Debug;
		};
		7A8C10F01F7321ED00932184 /* Release */ = {
			isa = XCBuildConfiguration;
			buildSettings = {
				ALWAYS_SEARCH_USER_PATHS = NO;
				CLANG_ANALYZER_NONNULL = YES;
				CLANG_ANALYZER_NUMBER_OBJECT_CONVERSION = YES_AGGRESSIVE;
				CLANG_CXX_LANGUAGE_STANDARD = "gnu++14";
				CLANG_CXX_LIBRARY = "libc++";
				CLANG_ENABLE_MODULES = YES;
				CLANG_ENABLE_OBJC_ARC = YES;
				CLANG_WARN_BLOCK_CAPTURE_AUTORELEASING = YES;
				CLANG_WARN_BOOL_CONVERSION = YES;
				CLANG_WARN_COMMA = YES;
				CLANG_WARN_CONSTANT_CONVERSION = YES;
				CLANG_WARN_DIRECT_OBJC_ISA_USAGE = YES_ERROR;
				CLANG_WARN_DOCUMENTATION_COMMENTS = YES;
				CLANG_WARN_EMPTY_BODY = YES;
				CLANG_WARN_ENUM_CONVERSION = YES;
				CLANG_WARN_INFINITE_RECURSION = YES;
				CLANG_WARN_INT_CONVERSION = YES;
				CLANG_WARN_NON_LITERAL_NULL_CONVERSION = YES;
				CLANG_WARN_OBJC_LITERAL_CONVERSION = YES;
				CLANG_WARN_OBJC_ROOT_CLASS = YES_ERROR;
				CLANG_WARN_RANGE_LOOP_ANALYSIS = YES;
				CLANG_WARN_STRICT_PROTOTYPES = YES;
				CLANG_WARN_SUSPICIOUS_MOVE = YES;
				CLANG_WARN_UNGUARDED_AVAILABILITY = YES_AGGRESSIVE;
				CLANG_WARN_UNREACHABLE_CODE = YES;
				CLANG_WARN__DUPLICATE_METHOD_MATCH = YES;
				CODE_SIGN_IDENTITY = "iPhone Developer";
				COPY_PHASE_STRIP = NO;
				DEBUG_INFORMATION_FORMAT = "dwarf-with-dsym";
				ENABLE_NS_ASSERTIONS = NO;
				ENABLE_STRICT_OBJC_MSGSEND = YES;
				GCC_C_LANGUAGE_STANDARD = gnu11;
				GCC_NO_COMMON_BLOCKS = YES;
				GCC_WARN_64_TO_32_BIT_CONVERSION = YES;
				GCC_WARN_ABOUT_RETURN_TYPE = YES_ERROR;
				GCC_WARN_UNDECLARED_SELECTOR = YES;
				GCC_WARN_UNINITIALIZED_AUTOS = YES_AGGRESSIVE;
				GCC_WARN_UNUSED_FUNCTION = YES;
				GCC_WARN_UNUSED_VARIABLE = YES;
				IPHONEOS_DEPLOYMENT_TARGET = 11.0;
				MTL_ENABLE_DEBUG_INFO = NO;
				SDKROOT = iphoneos;
				SWIFT_OPTIMIZATION_LEVEL = "-Owholemodule";
				VALIDATE_PRODUCT = YES;
			};
			name = Release;
		};
		7A8C10F21F7321ED00932184 /* Debug */ = {
			isa = XCBuildConfiguration;
			buildSettings = {
				ASSETCATALOG_COMPILER_APPICON_NAME = AppIcon;
				CODE_SIGN_STYLE = Manual;
				DEVELOPMENT_TEAM = "";
				INFOPLIST_FILE = "$(SRCROOT)/Stanford Calculator/New Group/Info.plist";
				LD_RUNPATH_SEARCH_PATHS = "$(inherited) @executable_path/Frameworks";
				PRODUCT_BUNDLE_IDENTIFIER = "com.stanleygriggs.Stanford-Calculator";
				PRODUCT_NAME = "$(TARGET_NAME)";
				PROVISIONING_PROFILE_SPECIFIER = "";
				SWIFT_VERSION = 4.0;
				TARGETED_DEVICE_FAMILY = "1,2";
			};
			name = Debug;
		};
		7A8C10F31F7321ED00932184 /* Release */ = {
			isa = XCBuildConfiguration;
			buildSettings = {
				ASSETCATALOG_COMPILER_APPICON_NAME = AppIcon;
				CODE_SIGN_STYLE = Manual;
				DEVELOPMENT_TEAM = "";
				INFOPLIST_FILE = "$(SRCROOT)/Stanford Calculator/New Group/Info.plist";
				LD_RUNPATH_SEARCH_PATHS = "$(inherited) @executable_path/Frameworks";
				PRODUCT_BUNDLE_IDENTIFIER = "com.stanleygriggs.Stanford-Calculator";
				PRODUCT_NAME = "$(TARGET_NAME)";
				PROVISIONING_PROFILE_SPECIFIER = "";
				SWIFT_VERSION = 4.0;
				TARGETED_DEVICE_FAMILY = "1,2";
			};
			name = Release;
		};
		7A8C10F51F7321ED00932184 /* Debug */ = {
			isa = XCBuildConfiguration;
			buildSettings = {
				ALWAYS_EMBED_SWIFT_STANDARD_LIBRARIES = YES;
				BUNDLE_LOADER = "$(TEST_HOST)";
				CODE_SIGN_STYLE = Automatic;
				DEVELOPMENT_TEAM = ETYG675X44;
				INFOPLIST_FILE = "Stanford CalculatorTests/Info.plist";
				LD_RUNPATH_SEARCH_PATHS = "$(inherited) @executable_path/Frameworks @loader_path/Frameworks";
				PRODUCT_BUNDLE_IDENTIFIER = "com.stanleygriggs.Stanford-CalculatorTests";
				PRODUCT_NAME = "$(TARGET_NAME)";
				SWIFT_VERSION = 4.0;
				TARGETED_DEVICE_FAMILY = "1,2";
				TEST_HOST = "$(BUILT_PRODUCTS_DIR)/Stanford Calculator.app/Stanford Calculator";
			};
			name = Debug;
		};
		7A8C10F61F7321ED00932184 /* Release */ = {
			isa = XCBuildConfiguration;
			buildSettings = {
				ALWAYS_EMBED_SWIFT_STANDARD_LIBRARIES = YES;
				BUNDLE_LOADER = "$(TEST_HOST)";
				CODE_SIGN_STYLE = Automatic;
				DEVELOPMENT_TEAM = ETYG675X44;
				INFOPLIST_FILE = "Stanford CalculatorTests/Info.plist";
				LD_RUNPATH_SEARCH_PATHS = "$(inherited) @executable_path/Frameworks @loader_path/Frameworks";
				PRODUCT_BUNDLE_IDENTIFIER = "com.stanleygriggs.Stanford-CalculatorTests";
				PRODUCT_NAME = "$(TARGET_NAME)";
				SWIFT_VERSION = 4.0;
				TARGETED_DEVICE_FAMILY = "1,2";
				TEST_HOST = "$(BUILT_PRODUCTS_DIR)/Stanford Calculator.app/Stanford Calculator";
			};
			name = Release;
		};
		7A8C10F81F7321ED00932184 /* Debug */ = {
			isa = XCBuildConfiguration;
			buildSettings = {
				ALWAYS_EMBED_SWIFT_STANDARD_LIBRARIES = YES;
				CODE_SIGN_STYLE = Automatic;
				DEVELOPMENT_TEAM = ETYG675X44;
				INFOPLIST_FILE = "Stanford CalculatorUITests/Info.plist";
				LD_RUNPATH_SEARCH_PATHS = "$(inherited) @executable_path/Frameworks @loader_path/Frameworks";
				PRODUCT_BUNDLE_IDENTIFIER = "com.stanleygriggs.Stanford-CalculatorUITests";
				PRODUCT_NAME = "$(TARGET_NAME)";
				SWIFT_VERSION = 4.0;
				TARGETED_DEVICE_FAMILY = "1,2";
				TEST_TARGET_NAME = "Stanford Calculator";
			};
			name = Debug;
		};
		7A8C10F91F7321ED00932184 /* Release */ = {
			isa = XCBuildConfiguration;
			buildSettings = {
				ALWAYS_EMBED_SWIFT_STANDARD_LIBRARIES = YES;
				CODE_SIGN_STYLE = Automatic;
				DEVELOPMENT_TEAM = ETYG675X44;
				INFOPLIST_FILE = "Stanford CalculatorUITests/Info.plist";
				LD_RUNPATH_SEARCH_PATHS = "$(inherited) @executable_path/Frameworks @loader_path/Frameworks";
				PRODUCT_BUNDLE_IDENTIFIER = "com.stanleygriggs.Stanford-CalculatorUITests";
				PRODUCT_NAME = "$(TARGET_NAME)";
				SWIFT_VERSION = 4.0;
				TARGETED_DEVICE_FAMILY = "1,2";
				TEST_TARGET_NAME = "Stanford Calculator";
			};
			name = Release;
		};
/* End XCBuildConfiguration section */

/* Begin XCConfigurationList section */
		7A8C10C41F7321ED00932184 /* Build configuration list for PBXProject "Stanford Calculator" */ = {
			isa = XCConfigurationList;
			buildConfigurations = (
				7A8C10EF1F7321ED00932184 /* Debug */,
				7A8C10F01F7321ED00932184 /* Release */,
			);
			defaultConfigurationIsVisible = 0;
			defaultConfigurationName = Release;
		};
		7A8C10F11F7321ED00932184 /* Build configuration list for PBXNativeTarget "Stanford Calculator" */ = {
			isa = XCConfigurationList;
			buildConfigurations = (
				7A8C10F21F7321ED00932184 /* Debug */,
				7A8C10F31F7321ED00932184 /* Release */,
			);
			defaultConfigurationIsVisible = 0;
			defaultConfigurationName = Release;
		};
		7A8C10F41F7321ED00932184 /* Build configuration list for PBXNativeTarget "Stanford CalculatorTests" */ = {
			isa = XCConfigurationList;
			buildConfigurations = (
				7A8C10F51F7321ED00932184 /* Debug */,
				7A8C10F61F7321ED00932184 /* Release */,
			);
			defaultConfigurationIsVisible = 0;
			defaultConfigurationName = Release;
		};
		7A8C10F71F7321ED00932184 /* Build configuration list for PBXNativeTarget "Stanford CalculatorUITests" */ = {
			isa = XCConfigurationList;
			buildConfigurations = (
				7A8C10F81F7321ED00932184 /* Debug */,
				7A8C10F91F7321ED00932184 /* Release */,
			);
			defaultConfigurationIsVisible = 0;
			defaultConfigurationName = Release;
		};
/* End XCConfigurationList section */
	};
	rootObject = 7A8C10C11F7321ED00932184 /* Project object */;
}
